// !$*UTF8*$!
{
	archiveVersion = 1;
	classes = {
	};
	objectVersion = 77;
	objects = {

/* Begin PBXContainerItemProxy section */
		F42C8EB72FACB49500FAC61E /* PBXContainerItemProxy */ = {
			isa = PBXContainerItemProxy;
			containerPortal = F42C8E9F2FACB49400FAC61E /* Project object */;
			proxyType = 1;
			remoteGlobalIDString = F42C8EA62FACB49400FAC61E;
			remoteInfo = NKPruefer;
		};
		F42C8EC12FACB49500FAC61E /* PBXContainerItemProxy */ = {
			isa = PBXContainerItemProxy;
			containerPortal = F42C8E9F2FACB49400FAC61E /* Project object */;
			proxyType = 1;
			remoteGlobalIDString = F42C8EA62FACB49400FAC61E;
			remoteInfo = NKPruefer;
		};
/* End PBXContainerItemProxy section */

/* Begin PBXFileReference section */
		F42C8EA72FACB49400FAC61E /* NKPruefer.app */ = {isa = PBXFileReference; explicitFileType = wrapper.application; includeInIndex = 0; path = NKPruefer.app; sourceTree = BUILT_PRODUCTS_DIR; };
		F42C8EAC2FACB49400FAC61E /* ContentView 2.swift */ = {isa = PBXFileReference; lastKnownFileType = sourcecode.swift; path = "ContentView 2.swift"; sourceTree = "<group>"; };
		F42C8EB62FACB49500FAC61E /* NKPrueferTests.xctest */ = {isa = PBXFileReference; explicitFileType = wrapper.cfbundle; includeInIndex = 0; path = NKPrueferTests.xctest; sourceTree = BUILT_PRODUCTS_DIR; };
		F42C8EC02FACB49500FAC61E /* NKPrueferUITests.xctest */ = {isa = PBXFileReference; explicitFileType = wrapper.cfbundle; includeInIndex = 0; path = NKPrueferUITests.xctest; sourceTree = BUILT_PRODUCTS_DIR; };
/* End PBXFileReference section */

/* Begin PBXFileSystemSynchronizedBuildFileExceptionSet section */
		F42C8F262FACB76300FAC61E /* Exceptions for "NKPrueferTests" folder in "NKPrueferTests" target */ = {
			isa = PBXFileSystemSynchronizedBuildFileExceptionSet;
			membershipExceptions = (
				CalculatorTests.swift,
			);
			target = F42C8EB52FACB49500FAC61E /* NKPrueferTests */;
		};
		F42C8F272FACB76300FAC61E /* Exceptions for "NKPrueferTests" folder in "NKPrueferUITests" target */ = {
			isa = PBXFileSystemSynchronizedBuildFileExceptionSet;
			membershipExceptions = (
				CalculatorTests.swift,
			);
			target = F42C8EBF2FACB49500FAC61E /* NKPrueferUITests */;
		};
/* End PBXFileSystemSynchronizedBuildFileExceptionSet section */

/* Begin PBXFileSystemSynchronizedRootGroup section */
		F42C8EA92FACB49400FAC61E /* NKPruefer */ = {
			isa = PBXFileSystemSynchronizedRootGroup;
			path = NKPruefer;
			sourceTree = "<group>";
		};
		F42C8EB92FACB49500FAC61E /* NKPrueferTests */ = {
			isa = PBXFileSystemSynchronizedRootGroup;
			exceptions = (
				F42C8F262FACB76300FAC61E /* Exceptions for "NKPrueferTests" folder in "NKPrueferTests" target */,
				F42C8F272FACB76300FAC61E /* Exceptions for "NKPrueferTests" folder in "NKPrueferUITests" target */,
			);
			path = NKPrueferTests;
			sourceTree = "<group>";
		};
		F42C8EC32FACB49500FAC61E /* NKPrueferUITests */ = {
			isa = PBXFileSystemSynchronizedRootGroup;
			path = NKPrueferUITests;
			sourceTree = "<group>";
		};
/* End PBXFileSystemSynchronizedRootGroup section */

/* Begin PBXFrameworksBuildPhase section */
		F42C8EA42FACB49400FAC61E /* Frameworks */ = {
			isa = PBXFrameworksBuildPhase;
			buildActionMask = 2147483647;
			files = (
			);
			runOnlyForDeploymentPostprocessing = 0;
		};
		F42C8EB32FACB49500FAC61E /* Frameworks */ = {
			isa = PBXFrameworksBuildPhase;
			buildActionMask = 2147483647;
			files = (
			);
			runOnlyForDeploymentPostprocessing = 0;
		};
		F42C8EBD2FACB49500FAC61E /* Frameworks */ = {
			isa = PBXFrameworksBuildPhase;
			buildActionMask = 2147483647;
			files = (
			);
			runOnlyForDeploymentPostprocessing = 0;
		};
/* End PBXFrameworksBuildPhase section */

/* Begin PBXGroup section */
		F42C8E9E2FACB49400FAC61E = {
			isa = PBXGroup;
			children = (
				F42C8EA92FACB49400FAC61E /* NKPruefer */,
				F42C8EB92FACB49500FAC61E /* NKPrueferTests */,
				F42C8EC32FACB49500FAC61E /* NKPrueferUITests */,
				F42C8EA82FACB49400FAC61E /* Products */,
			);
			sourceTree = "<group>";
		};
		F42C8EA82FACB49400FAC61E /* Products */ = {
			isa = PBXGroup;
			children = (
				F42C8EAC2FACB49400FAC61E /* ContentView 2.swift */,
				F42C8EA72FACB49400FAC61E /* NKPruefer.app */,
				F42C8EB62FACB49500FAC61E /* NKPrueferTests.xctest */,
				F42C8EC02FACB49500FAC61E /* NKPrueferUITests.xctest */,
			);
			name = Products;
			sourceTree = "<group>";
		};
/* End PBXGroup section */

/* Begin PBXNativeTarget section */
		F42C8EA62FACB49400FAC61E /* NKPruefer */ = {
			isa = PBXNativeTarget;
			buildConfigurationList = F42C8ECA2FACB49500FAC61E /* Build configuration list for PBXNativeTarget "NKPruefer" */;
			buildPhases = (
				F42C8EA32FACB49400FAC61E /* Sources */,
				F42C8EA42FACB49400FAC61E /* Frameworks */,
				F42C8EA52FACB49400FAC61E /* Resources */,
			);
			buildRules = (
			);
			dependencies = (
			);
			fileSystemSynchronizedGroups = (
				F42C8EA92FACB49400FAC61E /* NKPruefer */,
			);
			name = NKPruefer;
			packageProductDependencies = (
			);
			productName = NKPruefer;
			productReference = F42C8EA72FACB49400FAC61E /* NKPruefer.app */;
			productType = "com.apple.product-type.application";
		};
		F42C8EB52FACB49500FAC61E /* NKPrueferTests */ = {
			isa = PBXNativeTarget;
			buildConfigurationList = F42C8ECD2FACB49500FAC61E /* Build configuration list for PBXNativeTarget "NKPrueferTests" */;
			buildPhases = (
				F42C8EB22FACB49500FAC61E /* Sources */,
				F42C8EB32FACB49500FAC61E /* Frameworks */,
				F42C8EB42FACB49500FAC61E /* Resources */,
			);
			buildRules = (
			);
			dependencies = (
				F42C8EB82FACB49500FAC61E /* PBXTargetDependency */,
			);
			fileSystemSynchronizedGroups = (
				F42C8EB92FACB49500FAC61E /* NKPrueferTests */,
			);
			name = NKPrueferTests;
			packageProductDependencies = (
			);
			productName = NKPrueferTests;
			productReference = F42C8EB62FACB49500FAC61E /* NKPrueferTests.xctest */;
			productType = "com.apple.product-type.bundle.unit-test";
		};
		F42C8EBF2FACB49500FAC61E /* NKPrueferUITests */ = {
			isa = PBXNativeTarget;
			buildConfigurationList = F42C8ED02FACB49500FAC61E /* Build configuration list for PBXNativeTarget "NKPrueferUITests" */;
			buildPhases = (
				F42C8EBC2FACB49500FAC61E /* Sources */,
				F42C8EBD2FACB49500FAC61E /* Frameworks */,
				F42C8EBE2FACB49500FAC61E /* Resources */,
			);
			buildRules = (
			);
			dependencies = (
				F42C8EC22FACB49500FAC61E /* PBXTargetDependency */,
			);
			fileSystemSynchronizedGroups = (
				F42C8EC32FACB49500FAC61E /* NKPrueferUITests */,
			);
			name = NKPrueferUITests;
			packageProductDependencies = (
			);
			productName = NKPrueferUITests;
			productReference = F42C8EC02FACB49500FAC61E /* NKPrueferUITests.xctest */;
			productType = "com.apple.product-type.bundle.ui-testing";
		};
/* End PBXNativeTarget section */

/* Begin PBXProject section */
		F42C8E9F2FACB49400FAC61E /* Project object */ = {
			isa = PBXProject;
			attributes = {
				BuildIndependentTargetsInParallel = 1;
				LastSwiftUpdateCheck = 2640;
				LastUpgradeCheck = 2640;
				TargetAttributes = {
					F42C8EA62FACB49400FAC61E = {
						CreatedOnToolsVersion = 26.4.1;
					};
					F42C8EB52FACB49500FAC61E = {
						CreatedOnToolsVersion = 26.4.1;
						TestTargetID = F42C8EA62FACB49400FAC61E;
					};
					F42C8EBF2FACB49500FAC61E = {
						CreatedOnToolsVersion = 26.4.1;
						TestTargetID = F42C8EA62FACB49400FAC61E;
					};
				};
			};
			buildConfigurationList = F42C8EA22FACB49400FAC61E /* Build configuration list for PBXProject "NKPruefer" */;
			developmentRegion = en;
			hasScannedForEncodings = 0;
			knownRegions = (
				en,
				Base,
			);
			mainGroup = F42C8E9E2FACB49400FAC61E;
			minimizedProjectReferenceProxies = 1;
			preferredProjectObjectVersion = 77;
			productRefGroup = F42C8EA82FACB49400FAC61E /* Products */;
			projectDirPath = "";
			projectRoot = "";
			targets = (
				F42C8EA62FACB49400FAC61E /* NKPruefer */,
				F42C8EB52FACB49500FAC61E /* NKPrueferTests */,
				F42C8EBF2FACB49500FAC61E /* NKPrueferUITests */,
			);
		};
/* End PBXProject section */

/* Begin PBXResourcesBuildPhase section */
		F42C8EA52FACB49400FAC61E /* Resources */ = {
			isa = PBXResourcesBuildPhase;
			buildActionMask = 2147483647;
			files = (
			);
			runOnlyForDeploymentPostprocessing = 0;
		};
		F42C8EB42FACB49500FAC61E /* Resources */ = {
			isa = PBXResourcesBuildPhase;
			buildActionMask = 2147483647;
			files = (
			);
			runOnlyForDeploymentPostprocessing = 0;
		};
		F42C8EBE2FACB49500FAC61E /* Resources */ = {
			isa = PBXResourcesBuildPhase;
			buildActionMask = 2147483647;
			files = (
			);
			runOnlyForDeploymentPostprocessing = 0;
		};
/* End PBXResourcesBuildPhase section */

/* Begin PBXSourcesBuildPhase section */
		F42C8EA32FACB49400FAC61E /* Sources */ = {
			isa = PBXSourcesBuildPhase;
			buildActionMask = 2147483647;
			files = (
			);
			runOnlyForDeploymentPostprocessing = 0;
		};
		F42C8EB22FACB49500FAC61E /* Sources */ = {
			isa = PBXSourcesBuildPhase;
			buildActionMask = 2147483647;
			files = (
			);
			runOnlyForDeploymentPostprocessing = 0;
		};
		F42C8EBC2FACB49500FAC61E /* Sources */ = {
			isa = PBXSourcesBuildPhase;
			buildActionMask = 2147483647;
			files = (
			);
			runOnlyForDeploymentPostprocessing = 0;
		};
/* End PBXSourcesBuildPhase section */

/* Begin PBXTargetDependency section */
		F42C8EB82FACB49500FAC61E /* PBXTargetDependency */ = {
			isa = PBXTargetDependency;
			target = F42C8EA62FACB49400FAC61E /* NKPruefer */;
			targetProxy = F42C8EB72FACB49500FAC61E /* PBXContainerItemProxy */;
		};
		F42C8EC22FACB49500FAC61E /* PBXTargetDependency */ = {
			isa = PBXTargetDependency;
			target = F42C8EA62FACB49400FAC61E /* NKPruefer */;
			targetProxy = F42C8EC12FACB49500FAC61E /* PBXContainerItemProxy */;
		};
/* End PBXTargetDependency section */

/* Begin XCBuildConfiguration section */
		F42C8EC82FACB49500FAC61E /* Debug */ = {
			isa = XCBuildConfiguration;
			buildSettings = {
				ALWAYS_SEARCH_USER_PATHS = NO;
				ASSETCATALOG_COMPILER_GENERATE_SWIFT_ASSET_SYMBOL_EXTENSIONS = YES;
				CLANG_ANALYZER_NONNULL = YES;
				CLANG_ANALYZER_NUMBER_OBJECT_CONVERSION = YES_AGGRESSIVE;
				CLANG_CXX_LANGUAGE_STANDARD = "gnu++20";
				CLANG_ENABLE_MODULES = YES;
				CLANG_ENABLE_OBJC_ARC = YES;
				CLANG_ENABLE_OBJC_WEAK = YES;
				CLANG_WARN_BLOCK_CAPTURE_AUTORELEASING = YES;
				CLANG_WARN_BOOL_CONVERSION = YES;
				CLANG_WARN_COMMA = YES;
				CLANG_WARN_CONSTANT_CONVERSION = YES;
				CLANG_WARN_DEPRECATED_OBJC_IMPLEMENTATIONS = YES;
				CLANG_WARN_DIRECT_OBJC_ISA_USAGE = YES_ERROR;
				CLANG_WARN_DOCUMENTATION_COMMENTS = YES;
				CLANG_WARN_EMPTY_BODY = YES;
				CLANG_WARN_ENUM_CONVERSION = YES;
				CLANG_WARN_INFINITE_RECURSION = YES;
				CLANG_WARN_INT_CONVERSION = YES;
				CLANG_WARN_NON_LITERAL_NULL_CONVERSION = YES;
				CLANG_WARN_OBJC_IMPLICIT_RETAIN_SELF = YES;
				CLANG_WARN_OBJC_LITERAL_CONVERSION = YES;
				CLANG_WARN_OBJC_ROOT_CLASS = YES_ERROR;
				CLANG_WARN_QUOTED_INCLUDE_IN_FRAMEWORK_HEADER = YES;
				CLANG_WARN_RANGE_LOOP_ANALYSIS = YES;
				CLANG_WARN_STRICT_PROTOTYPES = YES;
				CLANG_WARN_SUSPICIOUS_MOVE = YES;
				CLANG_WARN_UNGUARDED_AVAILABILITY = YES_AGGRESSIVE;
				CLANG_WARN_UNREACHABLE_CODE = YES;
				CLANG_WARN__DUPLICATE_METHOD_MATCH = YES;
				COPY_PHASE_STRIP = NO;
				DEBUG_INFORMATION_FORMAT = dwarf;
				DEVELOPMENT_TEAM = WMM478AK74;
				ENABLE_STRICT_OBJC_MSGSEND = YES;
				ENABLE_TESTABILITY = YES;
				ENABLE_USER_SCRIPT_SANDBOXING = YES;
				GCC_C_LANGUAGE_STANDARD = gnu17;
				GCC_DYNAMIC_NO_PIC = NO;
				GCC_NO_COMMON_BLOCKS = YES;
				GCC_OPTIMIZATION_LEVEL = 0;
				GCC_PREPROCESSOR_DEFINITIONS = (
					"DEBUG=1",
					"$(inherited)",
				);
				GCC_WARN_64_TO_32_BIT_CONVERSION = YES;
				GCC_WARN_ABOUT_RETURN_TYPE = YES_ERROR;
				GCC_WARN_UNDECLARED_SELECTOR = YES;
				GCC_WARN_UNINITIALIZED_AUTOS = YES_AGGRESSIVE;
				GCC_WARN_UNUSED_FUNCTION = YES;
				GCC_WARN_UNUSED_VARIABLE = YES;
				LOCALIZATION_PREFERS_STRING_CATALOGS = YES;
				MACOSX_DEPLOYMENT_TARGET = 26.4;
				MTL_ENABLE_DEBUG_INFO = INCLUDE_SOURCE;
				MTL_FAST_MATH = YES;
				ONLY_ACTIVE_ARCH = YES;
				SDKROOT = macosx;
				SWIFT_ACTIVE_COMPILATION_CONDITIONS = "DEBUG $(inherited)";
				SWIFT_OPTIMIZATION_LEVEL = "-Onone";
			};
			name = Debug;
		};
		F42C8EC92FACB49500FAC61E /* Release */ = {
			isa = XCBuildConfiguration;
			buildSettings = {
				ALWAYS_SEARCH_USER_PATHS = NO;
				ASSETCATALOG_COMPILER_GENERATE_SWIFT_ASSET_SYMBOL_EXTENSIONS = YES;
				CLANG_ANALYZER_NONNULL = YES;
				CLANG_ANALYZER_NUMBER_OBJECT_CONVERSION = YES_AGGRESSIVE;
				CLANG_CXX_LANGUAGE_STANDARD = "gnu++20";
				CLANG_ENABLE_MODULES = YES;
				CLANG_ENABLE_OBJC_ARC = YES;
				CLANG_ENABLE_OBJC_WEAK = YES;
				CLANG_WARN_BLOCK_CAPTURE_AUTORELEASING = YES;
				CLANG_WARN_BOOL_CONVERSION = YES;
				CLANG_WARN_COMMA = YES;
				CLANG_WARN_CONSTANT_CONVERSION = YES;
				CLANG_WARN_DEPRECATED_OBJC_IMPLEMENTATIONS = YES;
				CLANG_WARN_DIRECT_OBJC_ISA_USAGE = YES_ERROR;
				CLANG_WARN_DOCUMENTATION_COMMENTS = YES;
				CLANG_WARN_EMPTY_BODY = YES;
				CLANG_WARN_ENUM_CONVERSION = YES;
				CLANG_WARN_INFINITE_RECURSION = YES;
				CLANG_WARN_INT_CONVERSION = YES;
				CLANG_WARN_NON_LITERAL_NULL_CONVERSION = YES;
				CLANG_WARN_OBJC_IMPLICIT_RETAIN_SELF = YES;
				CLANG_WARN_OBJC_LITERAL_CONVERSION = YES;
				CLANG_WARN_OBJC_ROOT_CLASS = YES_ERROR;
				CLANG_WARN_QUOTED_INCLUDE_IN_FRAMEWORK_HEADER = YES;
				CLANG_WARN_RANGE_LOOP_ANALYSIS = YES;
				CLANG_WARN_STRICT_PROTOTYPES = YES;
				CLANG_WARN_SUSPICIOUS_MOVE = YES;
				CLANG_WARN_UNGUARDED_AVAILABILITY = YES_AGGRESSIVE;
				CLANG_WARN_UNREACHABLE_CODE = YES;
				CLANG_WARN__DUPLICATE_METHOD_MATCH = YES;
				COPY_PHASE_STRIP = NO;
				DEBUG_INFORMATION_FORMAT = "dwarf-with-dsym";
				DEVELOPMENT_TEAM = WMM478AK74;
				ENABLE_NS_ASSERTIONS = NO;
				ENABLE_STRICT_OBJC_MSGSEND = YES;
				ENABLE_USER_SCRIPT_SANDBOXING = YES;
				GCC_C_LANGUAGE_STANDARD = gnu17;
				GCC_NO_COMMON_BLOCKS = YES;
				GCC_WARN_64_TO_32_BIT_CONVERSION = YES;
				GCC_WARN_ABOUT_RETURN_TYPE = YES_ERROR;
				GCC_WARN_UNDECLARED_SELECTOR = YES;
				GCC_WARN_UNINITIALIZED_AUTOS = YES_AGGRESSIVE;
				GCC_WARN_UNUSED_FUNCTION = YES;
				GCC_WARN_UNUSED_VARIABLE = YES;
				LOCALIZATION_PREFERS_STRING_CATALOGS = YES;
				MACOSX_DEPLOYMENT_TARGET = 26.4;
				MTL_ENABLE_DEBUG_INFO = NO;
				MTL_FAST_MATH = YES;
				SDKROOT = macosx;
				SWIFT_COMPILATION_MODE = wholemodule;
			};
			name = Release;
		};
		F42C8ECB2FACB49500FAC61E /* Debug */ = {
			isa = XCBuildConfiguration;
			buildSettings = {
				ASSETCATALOG_COMPILER_APPICON_NAME = AppIcon;
				ASSETCATALOG_COMPILER_GLOBAL_ACCENT_COLOR_NAME = AccentColor;
				CODE_SIGN_STYLE = Automatic;
				COMBINE_HIDPI_IMAGES = YES;
				CURRENT_PROJECT_VERSION = 1;
				DEVELOPMENT_TEAM = WMM478AK74;
				ENABLE_APP_SANDBOX = YES;
				ENABLE_HARDENED_RUNTIME = YES;
				ENABLE_PREVIEWS = YES;
				ENABLE_USER_SELECTED_FILES = readonly;
				GENERATE_INFOPLIST_FILE = NO;
				INFOPLIST_FILE = Info.plist;
				IPHONEOS_DEPLOYMENT_TARGET = 17.0;
				LD_RUNPATH_SEARCH_PATHS = (
					"$(inherited)",
					"@executable_path/../Frameworks",
				);
				MARKETING_VERSION = 1.0;
				PRODUCT_BUNDLE_IDENTIFIER = com.knebeljanssen.NKPruefer;
				PRODUCT_NAME = "$(TARGET_NAME)";
				REGISTER_APP_GROUPS = YES;
				STRING_CATALOG_GENERATE_SYMBOLS = YES;
				SUPPORTED_PLATFORMS = "iphoneos iphonesimulator";
				SUPPORTS_MACCATALYST = NO;
				SWIFT_APPROACHABLE_CONCURRENCY = YES;
				SWIFT_DEFAULT_ACTOR_ISOLATION = MainActor;
				SWIFT_EMIT_LOC_STRINGS = YES;
				SWIFT_UPCOMING_FEATURE_MEMBER_IMPORT_VISIBILITY = YES;
				SWIFT_VERSION = 5.0;
				TARGETED_DEVICE_FAMILY = 1;
			};
			name = Debug;
		};
		F42C8ECC2FACB49500FAC61E /* Release */ = {
			isa = XCBuildConfiguration;
			buildSettings = {
				ASSETCATALOG_COMPILER_APPICON_NAME = AppIcon;
				ASSETCATALOG_COMPILER_GLOBAL_ACCENT_COLOR_NAME = AccentColor;
				CODE_SIGN_STYLE = Automatic;
				COMBINE_HIDPI_IMAGES = YES;
				CURRENT_PROJECT_VERSION = 1;
				DEVELOPMENT_TEAM = WMM478AK74;
				ENABLE_APP_SANDBOX = YES;
				ENABLE_HARDENED_RUNTIME = YES;
				ENABLE_PREVIEWS = YES;
				ENABLE_USER_SELECTED_FILES = readonly;
				GENERATE_INFOPLIST_FILE = NO;
				INFOPLIST_FILE = Info.plist;
				IPHONEOS_DEPLOYMENT_TARGET = 17.0;
				LD_RUNPATH_SEARCH_PATHS = (
					"$(inherited)",
					"@executable_path/../Frameworks",
				);
				MARKETING_VERSION = 1.0;
				PRODUCT_BUNDLE_IDENTIFIER = com.knebeljanssen.NKPruefer;
				PRODUCT_NAME = "$(TARGET_NAME)";
				REGISTER_APP_GROUPS = YES;
				STRING_CATALOG_GENERATE_SYMBOLS = YES;
				SUPPORTED_PLATFORMS = "iphoneos iphonesimulator";
				SUPPORTS_MACCATALYST = NO;
				SWIFT_APPROACHABLE_CONCURRENCY = YES;
				SWIFT_DEFAULT_ACTOR_ISOLATION = MainActor;
				SWIFT_EMIT_LOC_STRINGS = YES;
				SWIFT_UPCOMING_FEATURE_MEMBER_IMPORT_VISIBILITY = YES;
				SWIFT_VERSION = 5.0;
				TARGETED_DEVICE_FAMILY = 1;
			};
			name = Release;
		};
		F42C8ECE2FACB49500FAC61E /* Debug */ = {
			isa = XCBuildConfiguration;
			buildSettings = {
				BUNDLE_LOADER = "$(TEST_HOST)";
				CODE_SIGN_STYLE = Automatic;
				CURRENT_PROJECT_VERSION = 1;
				DEVELOPMENT_TEAM = WMM478AK74;
				GENERATE_INFOPLIST_FILE = YES;
				MACOSX_DEPLOYMENT_TARGET = 26.4;
				MARKETING_VERSION = 1.0;
				PRODUCT_BUNDLE_IDENTIFIER = com.knebeljanssen.NKPrueferTests;
				PRODUCT_NAME = "$(TARGET_NAME)";
				STRING_CATALOG_GENERATE_SYMBOLS = NO;
				SWIFT_APPROACHABLE_CONCURRENCY = YES;
				SWIFT_EMIT_LOC_STRINGS = NO;
				SWIFT_UPCOMING_FEATURE_MEMBER_IMPORT_VISIBILITY = YES;
				SWIFT_VERSION = 5.0;
				TEST_HOST = "$(BUILT_PRODUCTS_DIR)/NKPruefer.app/$(BUNDLE_EXECUTABLE_FOLDER_PATH)/NKPruefer";
			};
			name = Debug;
		};
		F42C8ECF2FACB49500FAC61E /* Release */ = {
			isa = XCBuildConfiguration;
			buildSettings = {
				BUNDLE_LOADER = "$(TEST_HOST)";
				CODE_SIGN_STYLE = Automatic;
				CURRENT_PROJECT_VERSION = 1;
				DEVELOPMENT_TEAM = WMM478AK74;
				GENERATE_INFOPLIST_FILE = YES;
				MACOSX_DEPLOYMENT_TARGET = 26.4;
				MARKETING_VERSION = 1.0;
				PRODUCT_BUNDLE_IDENTIFIER = com.knebeljanssen.NKPrueferTests;
				PRODUCT_NAME = "$(TARGET_NAME)";
				STRING_CATALOG_GENERATE_SYMBOLS = NO;
				SWIFT_APPROACHABLE_CONCURRENCY = YES;
				SWIFT_EMIT_LOC_STRINGS = NO;
				SWIFT_UPCOMING_FEATURE_MEMBER_IMPORT_VISIBILITY = YES;
				SWIFT_VERSION = 5.0;
				TEST_HOST = "$(BUILT_PRODUCTS_DIR)/NKPruefer.app/$(BUNDLE_EXECUTABLE_FOLDER_PATH)/NKPruefer";
			};
			name = Release;
		};
		F42C8ED12FACB49500FAC61E /* Debug */ = {
			isa = XCBuildConfiguration;
			buildSettings = {
				CODE_SIGN_STYLE = Automatic;
				CURRENT_PROJECT_VERSION = 1;
				DEVELOPMENT_TEAM = WMM478AK74;
				GENERATE_INFOPLIST_FILE = YES;
				MARKETING_VERSION = 1.0;
				PRODUCT_BUNDLE_IDENTIFIER = com.knebeljanssen.NKPrueferUITests;
				PRODUCT_NAME = "$(TARGET_NAME)";
				STRING_CATALOG_GENERATE_SYMBOLS = NO;
				SWIFT_APPROACHABLE_CONCURRENCY = YES;
				SWIFT_EMIT_LOC_STRINGS = NO;
				SWIFT_UPCOMING_FEATURE_MEMBER_IMPORT_VISIBILITY = YES;
				SWIFT_VERSION = 5.0;
				TEST_TARGET_NAME = NKPruefer;
			};
			name = Debug;
		};
		F42C8ED22FACB49500FAC61E /* Release */ = {
			isa = XCBuildConfiguration;
			buildSettings = {
				CODE_SIGN_STYLE = Automatic;
				CURRENT_PROJECT_VERSION = 1;
				DEVELOPMENT_TEAM = WMM478AK74;
				GENERATE_INFOPLIST_FILE = YES;
				MARKETING_VERSION = 1.0;
				PRODUCT_BUNDLE_IDENTIFIER = com.knebeljanssen.NKPrueferUITests;
				PRODUCT_NAME = "$(TARGET_NAME)";
				STRING_CATALOG_GENERATE_SYMBOLS = NO;
				SWIFT_APPROACHABLE_CONCURRENCY = YES;
				SWIFT_EMIT_LOC_STRINGS = NO;
				SWIFT_UPCOMING_FEATURE_MEMBER_IMPORT_VISIBILITY = YES;
				SWIFT_VERSION = 5.0;
				TEST_TARGET_NAME = NKPruefer;
			};
			name = Release;
		};
/* End XCBuildConfiguration section */

/* Begin XCConfigurationList section */
		F42C8EA22FACB49400FAC61E /* Build configuration list for PBXProject "NKPruefer" */ = {
			isa = XCConfigurationList;
			buildConfigurations = (
				F42C8EC82FACB49500FAC61E /* Debug */,
				F42C8EC92FACB49500FAC61E /* Release */,
			);
			defaultConfigurationIsVisible = 0;
			defaultConfigurationName = Release;
		};
		F42C8ECA2FACB49500FAC61E /* Build configuration list for PBXNativeTarget "NKPruefer" */ = {
			isa = XCConfigurationList;
			buildConfigurations = (
				F42C8ECB2FACB49500FAC61E /* Debug */,
				F42C8ECC2FACB49500FAC61E /* Release */,
			);
			defaultConfigurationIsVisible = 0;
			defaultConfigurationName = Release;
		};
		F42C8ECD2FACB49500FAC61E /* Build configuration list for PBXNativeTarget "NKPrueferTests" */ = {
			isa = XCConfigurationList;
			buildConfigurations = (
				F42C8ECE2FACB49500FAC61E /* Debug */,
				F42C8ECF2FACB49500FAC61E /* Release */,
			);
			defaultConfigurationIsVisible = 0;
			defaultConfigurationName = Release;
		};
		F42C8ED02FACB49500FAC61E /* Build configuration list for PBXNativeTarget "NKPrueferUITests" */ = {
			isa = XCConfigurationList;
			buildConfigurations = (
				F42C8ED12FACB49500FAC61E /* Debug */,
				F42C8ED22FACB49500FAC61E /* Release */,
			);
			defaultConfigurationIsVisible = 0;
			defaultConfigurationName = Release;
		};
/* End XCConfigurationList section */
	};
	rootObject = F42C8E9F2FACB49400FAC61E /* Project object */;
}
